{
  "name": "deterministic-32",
  "version": "0.1.0",
  "lockfileVersion": 3,
  "requires": true,
  "packages": {
    "": {
      "name": "deterministic-32",
      "version": "0.1.0",
      "license": "MIT",
      "bin": {
        "cat32": "dist/cli.js"
      },
      "engines": {
        "node": ">=18"
      },
      "devDependencies": {
        "@typescript-eslint/eslint-plugin": "^8.0.0",
        "@typescript-eslint/parser": "^8.0.0",
        "@eslint/js": "^9.0.0",
        "eslint": "^9.0.0",
        "globals": "^15.0.0"
      }
    }
  }
}
