{
  "name": "deterministic-32",
  "version": "0.1.0",
  "lockfileVersion": 3,
  "requires": true,
  "packages": {
    "": {
      "name": "deterministic-32",
      "version": "0.1.0",
      "license": "MIT",
      "bin": {
        "cat32": "dist/cli.js"
      },
      "engines": {
        "node": ">=18"
      },
      "devDependencies": {
        "eslint": "^9.0.0",
        "@typescript-eslint/parser": "^8.0.0",
        "@typescript-eslint/eslint-plugin": "^8.0.0",
        "@eslint/js": "^9.0.0",
        "globals": "^15.0.0"
      }
    }
  },
  "dependencies": {
    "@eslint/js": {
      "version": "9.37.0",
      "dev": true
    },
    "@typescript-eslint/eslint-plugin": {
      "version": "8.46.1",
      "dev": true
    },
    "@typescript-eslint/parser": {
      "version": "8.46.1",
      "dev": true
    },
    "eslint": {
      "version": "9.37.0",
      "dev": true
    },
    "globals": {
      "version": "15.15.0",
      "dev": true
    }
  }
}
